
Microsoft Visual Studio Solution File, Format Version 12.00
# Visual Studio 14
VisualStudioVersion = 14.0.25420.1
MinimumVisualStudioVersion = 10.0.40219.1
Project("{FAE04EC0-301F-11D3-BF4B-00C04F79EFBC}") = "ExoGaitMonitorVer2", "ExoGaitMonitorVer2\ExoGaitMonitorVer2.csproj", "{DE7688E6-9C21-434F-B208-7C73B1926603}"
EndProject
Project("{FAE04EC0-301F-11D3-BF4B-00C04F79EFBC}") = "ClassLib", "ClassLib\ClassLib.csproj", "{74C7C32E-0109-4BC0-90DB-8DAACEF1F81C}"
EndProject
Project("{FAE04EC0-301F-11D3-BF4B-00C04F79EFBC}") = "ExoMonitorSocketVer", "ExoMonitorSocketVer\ExoMonitorSocketVer.csproj", "{479BA239-F85B-4BF3-B8AB-E76A7FE0BBB5}"
EndProject
Global
	GlobalSection(SolutionConfigurationPlatforms) = preSolution
		Debug|Any CPU = Debug|Any CPU
		Release|Any CPU = Release|Any CPU
	EndGlobalSection
	GlobalSection(ProjectConfigurationPlatforms) = postSolution
		{DE7688E6-9C21-434F-B208-7C73B1926603}.Debug|Any CPU.ActiveCfg = Debug|Any CPU
		{DE7688E6-9C21-434F-B208-7C73B1926603}.Debug|Any CPU.Build.0 = Debug|Any CPU
		{DE7688E6-9C21-434F-B208-7C73B1926603}.Release|Any CPU.ActiveCfg = Release|Any CPU
		{DE7688E6-9C21-434F-B208-7C73B1926603}.Release|Any CPU.Build.0 = Release|Any CPU
		{74C7C32E-0109-4BC0-90DB-8DAACEF1F81C}.Debug|Any CPU.ActiveCfg = Debug|Any CPU
		{74C7C32E-0109-4BC0-90DB-8DAACEF1F81C}.Debug|Any CPU.Build.0 = Debug|Any CPU
		{74C7C32E-0109-4BC0-90DB-8DAACEF1F81C}.Release|Any CPU.ActiveCfg = Release|Any CPU
		{74C7C32E-0109-4BC0-90DB-8DAACEF1F81C}.Release|Any CPU.Build.0 = Release|Any CPU
		{479BA239-F85B-4BF3-B8AB-E76A7FE0BBB5}.Debug|Any CPU.ActiveCfg = Debug|Any CPU
		{479BA239-F85B-4BF3-B8AB-E76A7FE0BBB5}.Debug|Any CPU.Build.0 = Debug|Any CPU
		{479BA239-F85B-4BF3-B8AB-E76A7FE0BBB5}.Release|Any CPU.ActiveCfg = Release|Any CPU
		{479BA239-F85B-4BF3-B8AB-E76A7FE0BBB5}.Release|Any CPU.Build.0 = Release|Any CPU
	EndGlobalSection
	GlobalSection(SolutionProperties) = preSolution
		HideSolutionNode = FALSE
	EndGlobalSection
EndGlobal
