
Microsoft Visual Studio Solution File, Format Version 11.00
# Visual Studio 2010
Project("{FAE04EC0-301F-11D3-BF4B-00C04F79EFBC}") = "EX2_Homing", "EX2_Homing.csproj", "{48EFBC7D-E8E8-4AD4-AEA9-48AD48EAD16C}"
EndProject
Global
	GlobalSection(SolutionConfigurationPlatforms) = preSolution
		Debug|Any CPU = Debug|Any CPU
		Debug|x64 = Debug|x64
		Release|Any CPU = Release|Any CPU
		Release|x64 = Release|x64
	EndGlobalSection
	GlobalSection(ProjectConfigurationPlatforms) = postSolution
		{48EFBC7D-E8E8-4AD4-AEA9-48AD48EAD16C}.Debug|Any CPU.ActiveCfg = Debug|Any CPU
		{48EFBC7D-E8E8-4AD4-AEA9-48AD48EAD16C}.Debug|Any CPU.Build.0 = Debug|Any CPU
		{48EFBC7D-E8E8-4AD4-AEA9-48AD48EAD16C}.Debug|x64.ActiveCfg = Debug|x64
		{48EFBC7D-E8E8-4AD4-AEA9-48AD48EAD16C}.Debug|x64.Build.0 = Debug|x64
		{48EFBC7D-E8E8-4AD4-AEA9-48AD48EAD16C}.Release|Any CPU.ActiveCfg = Release|Any CPU
		{48EFBC7D-E8E8-4AD4-AEA9-48AD48EAD16C}.Release|Any CPU.Build.0 = Release|Any CPU
		{48EFBC7D-E8E8-4AD4-AEA9-48AD48EAD16C}.Release|x64.ActiveCfg = Release|x64
		{48EFBC7D-E8E8-4AD4-AEA9-48AD48EAD16C}.Release|x64.Build.0 = Release|x64
	EndGlobalSection
	GlobalSection(SolutionProperties) = preSolution
		HideSolutionNode = FALSE
	EndGlobalSection
EndGlobal
